// !$*UTF8*$!
{
	archiveVersion = 1;
	classes = {
	};
	objectVersion = 46;
	objects = {

/* Begin PBXBuildFile section */
		DCD619FC1CC1577300885E4A /* main.m in Sources */ = {isa = PBXBuildFile; fileRef = DCD619FB1CC1577300885E4A /* main.m */; };
		DCD619FF1CC1577400885E4A /* AppDelegate.m in Sources */ = {isa = PBXBuildFile; fileRef = DCD619FE1CC1577400885E4A /* AppDelegate.m */; };
		DCD61A021CC1577400885E4A /* ViewController.m in Sources */ = {isa = PBXBuildFile; fileRef = DCD61A011CC1577400885E4A /* ViewController.m */; };
		DCD61A051CC1577400885E4A /* Main.storyboard in Resources */ = {isa = PBXBuildFile; fileRef = DCD61A031CC1577400885E4A /* Main.storyboard */; };
		DCD61A071CC1577400885E4A /* Assets.xcassets in Resources */ = {isa = PBXBuildFile; fileRef = DCD61A061CC1577400885E4A /* Assets.xcassets */; };
		DCD61A0A1CC1577400885E4A /* LaunchScreen.storyboard in Resources */ = {isa = PBXBuildFile; fileRef = DCD61A081CC1577400885E4A /* LaunchScreen.storyboard */; };
		DCD61A381CC16E0D00885E4A /* NSString+HS_HTMLTemplates.m in Sources */ = {isa = PBXBuildFile; fileRef = DCD61A2A1CC16E0D00885E4A /* NSString+HS_HTMLTemplates.m */; };
		DCD61A391CC16E0D00885E4A /* UIColor+HS_HexStrings.m in Sources */ = {isa = PBXBuildFile; fileRef = DCD61A2C1CC16E0D00885E4A /* UIColor+HS_HexStrings.m */; };
		DCD61A3A1CC16E0D00885E4A /* HSHTMLImageRenderer.m in Sources */ = {isa = PBXBuildFile; fileRef = DCD61A2E1CC16E0D00885E4A /* HSHTMLImageRenderer.m */; };
		DCD61A3B1CC16E0D00885E4A /* _HSAsyncOperation.m in Sources */ = {isa = PBXBuildFile; fileRef = DCD61A311CC16E0D00885E4A /* _HSAsyncOperation.m */; };
		DCD61A3C1CC16E0D00885E4A /* _HSHTMLImageRenderingOperation.m in Sources */ = {isa = PBXBuildFile; fileRef = DCD61A331CC16E0D00885E4A /* _HSHTMLImageRenderingOperation.m */; };
		DCD61A3D1CC16E0D00885E4A /* _HSRenderingWebView.m in Sources */ = {isa = PBXBuildFile; fileRef = DCD61A351CC16E0D00885E4A /* _HSRenderingWebView.m */; };
		DCD61A3E1CC16E0D00885E4A /* default_template.html in Resources */ = {isa = PBXBuildFile; fileRef = DCD61A371CC16E0D00885E4A /* default_template.html */; };
/* End PBXBuildFile section */

/* Begin PBXFileReference section */
		DCD619F71CC1577300885E4A /* HSHTMLImageRenderer.app */ = {isa = PBXFileReference; explicitFileType = wrapper.application; includeInIndex = 0; path = HSHTMLImageRenderer.app; sourceTree = BUILT_PRODUCTS_DIR; };
		DCD619FB1CC1577300885E4A /* main.m */ = {isa = PBXFileReference; lastKnownFileType = sourcecode.c.objc; path = main.m; sourceTree = "<group>"; };
		DCD619FD1CC1577400885E4A /* AppDelegate.h */ = {isa = PBXFileReference; lastKnownFileType = sourcecode.c.h; path = AppDelegate.h; sourceTree = "<group>"; };
		DCD619FE1CC1577400885E4A /* AppDelegate.m */ = {isa = PBXFileReference; lastKnownFileType = sourcecode.c.objc; path = AppDelegate.m; sourceTree = "<group>"; };
		DCD61A001CC1577400885E4A /* ViewController.h */ = {isa = PBXFileReference; lastKnownFileType = sourcecode.c.h; path = ViewController.h; sourceTree = "<group>"; };
		DCD61A011CC1577400885E4A /* ViewController.m */ = {isa = PBXFileReference; lastKnownFileType = sourcecode.c.objc; path = ViewController.m; sourceTree = "<group>"; };
		DCD61A041CC1577400885E4A /* Base */ = {isa = PBXFileReference; lastKnownFileType = file.storyboard; name = Base; path = Base.lproj/Main.storyboard; sourceTree = "<group>"; };
		DCD61A061CC1577400885E4A /* Assets.xcassets */ = {isa = PBXFileReference; lastKnownFileType = folder.assetcatalog; path = Assets.xcassets; sourceTree = "<group>"; };
		DCD61A091CC1577400885E4A /* Base */ = {isa = PBXFileReference; lastKnownFileType = file.storyboard; name = Base; path = Base.lproj/LaunchScreen.storyboard; sourceTree = "<group>"; };
		DCD61A0B1CC1577400885E4A /* Info.plist */ = {isa = PBXFileReference; lastKnownFileType = text.plist.xml; path = Info.plist; sourceTree = "<group>"; };
		DCD61A291CC16E0D00885E4A /* NSString+HS_HTMLTemplates.h */ = {isa = PBXFileReference; fileEncoding = 4; lastKnownFileType = sourcecode.c.h; path = "NSString+HS_HTMLTemplates.h"; sourceTree = "<group>"; };
		DCD61A2A1CC16E0D00885E4A /* NSString+HS_HTMLTemplates.m */ = {isa = PBXFileReference; fileEncoding = 4; lastKnownFileType = sourcecode.c.objc; path = "NSString+HS_HTMLTemplates.m"; sourceTree = "<group>"; };
		DCD61A2B1CC16E0D00885E4A /* UIColor+HS_HexStrings.h */ = {isa = PBXFileReference; fileEncoding = 4; lastKnownFileType = sourcecode.c.h; path = "UIColor+HS_HexStrings.h"; sourceTree = "<group>"; };
		DCD61A2C1CC16E0D00885E4A /* UIColor+HS_HexStrings.m */ = {isa = PBXFileReference; fileEncoding = 4; lastKnownFileType = sourcecode.c.objc; path = "UIColor+HS_HexStrings.m"; sourceTree = "<group>"; };
		DCD61A2D1CC16E0D00885E4A /* HSHTMLImageRenderer.h */ = {isa = PBXFileReference; fileEncoding = 4; lastKnownFileType = sourcecode.c.h; path = HSHTMLImageRenderer.h; sourceTree = "<group>"; };
		DCD61A2E1CC16E0D00885E4A /* HSHTMLImageRenderer.m */ = {isa = PBXFileReference; fileEncoding = 4; lastKnownFileType = sourcecode.c.objc; path = HSHTMLImageRenderer.m; sourceTree = "<group>"; };
		DCD61A301CC16E0D00885E4A /* _HSAsyncOperation.h */ = {isa = PBXFileReference; fileEncoding = 4; lastKnownFileType = sourcecode.c.h; path = _HSAsyncOperation.h; sourceTree = "<group>"; };
		DCD61A311CC16E0D00885E4A /* _HSAsyncOperation.m */ = {isa = PBXFileReference; fileEncoding = 4; lastKnownFileType = sourcecode.c.objc; path = _HSAsyncOperation.m; sourceTree = "<group>"; };
		DCD61A321CC16E0D00885E4A /* _HSHTMLImageRenderingOperation.h */ = {isa = PBXFileReference; fileEncoding = 4; lastKnownFileType = sourcecode.c.h; path = _HSHTMLImageRenderingOperation.h; sourceTree = "<group>"; };
		DCD61A331CC16E0D00885E4A /* _HSHTMLImageRenderingOperation.m */ = {isa = PBXFileReference; fileEncoding = 4; lastKnownFileType = sourcecode.c.objc; path = _HSHTMLImageRenderingOperation.m; sourceTree = "<group>"; };
		DCD61A341CC16E0D00885E4A /* _HSRenderingWebView.h */ = {isa = PBXFileReference; fileEncoding = 4; lastKnownFileType = sourcecode.c.h; path = _HSRenderingWebView.h; sourceTree = "<group>"; };
		DCD61A351CC16E0D00885E4A /* _HSRenderingWebView.m */ = {isa = PBXFileReference; fileEncoding = 4; lastKnownFileType = sourcecode.c.objc; path = _HSRenderingWebView.m; sourceTree = "<group>"; };
		DCD61A371CC16E0D00885E4A /* default_template.html */ = {isa = PBXFileReference; fileEncoding = 4; lastKnownFileType = text.html; path = default_template.html; sourceTree = "<group>"; };
		DCD61A3F1CC1792600885E4A /* README.md */ = {isa = PBXFileReference; lastKnownFileType = net.daringfireball.markdown; path = README.md; sourceTree = "<group>"; };
/* End PBXFileReference section */

/* Begin PBXFrameworksBuildPhase section */
		DCD619F41CC1577300885E4A /* Frameworks */ = {
			isa = PBXFrameworksBuildPhase;
			buildActionMask = 2147483647;
			files = (
			);
			runOnlyForDeploymentPostprocessing = 0;
		};
/* End PBXFrameworksBuildPhase section */

/* Begin PBXGroup section */
		DCD619EE1CC1577300885E4A = {
			isa = PBXGroup;
			children = (
				DCD61A3F1CC1792600885E4A /* README.md */,
				DCD619F91CC1577300885E4A /* HSHTMLImageRenderer */,
				DCD619F81CC1577300885E4A /* Products */,
			);
			sourceTree = "<group>";
		};
		DCD619F81CC1577300885E4A /* Products */ = {
			isa = PBXGroup;
			children = (
				DCD619F71CC1577300885E4A /* HSHTMLImageRenderer.app */,
			);
			name = Products;
			sourceTree = "<group>";
		};
		DCD619F91CC1577300885E4A /* HSHTMLImageRenderer */ = {
			isa = PBXGroup;
			children = (
				DCD61A271CC16E0D00885E4A /* HSHTMLImageRenderer */,
				DCD619FD1CC1577400885E4A /* AppDelegate.h */,
				DCD619FE1CC1577400885E4A /* AppDelegate.m */,
				DCD61A001CC1577400885E4A /* ViewController.h */,
				DCD61A011CC1577400885E4A /* ViewController.m */,
				DCD61A031CC1577400885E4A /* Main.storyboard */,
				DCD61A061CC1577400885E4A /* Assets.xcassets */,
				DCD61A081CC1577400885E4A /* LaunchScreen.storyboard */,
				DCD61A0B1CC1577400885E4A /* Info.plist */,
				DCD619FA1CC1577300885E4A /* Supporting Files */,
			);
			path = HSHTMLImageRenderer;
			sourceTree = "<group>";
		};
		DCD619FA1CC1577300885E4A /* Supporting Files */ = {
			isa = PBXGroup;
			children = (
				DCD619FB1CC1577300885E4A /* main.m */,
			);
			name = "Supporting Files";
			sourceTree = "<group>";
		};
		DCD61A271CC16E0D00885E4A /* HSHTMLImageRenderer */ = {
			isa = PBXGroup;
			children = (
				DCD61A2D1CC16E0D00885E4A /* HSHTMLImageRenderer.h */,
				DCD61A2E1CC16E0D00885E4A /* HSHTMLImageRenderer.m */,
				DCD61A281CC16E0D00885E4A /* Helpers */,
				DCD61A2F1CC16E0D00885E4A /* Private */,
				DCD61A361CC16E0D00885E4A /* Resources */,
			);
			path = HSHTMLImageRenderer;
			sourceTree = "<group>";
		};
		DCD61A281CC16E0D00885E4A /* Helpers */ = {
			isa = PBXGroup;
			children = (
				DCD61A291CC16E0D00885E4A /* NSString+HS_HTMLTemplates.h */,
				DCD61A2A1CC16E0D00885E4A /* NSString+HS_HTMLTemplates.m */,
				DCD61A2B1CC16E0D00885E4A /* UIColor+HS_HexStrings.h */,
				DCD61A2C1CC16E0D00885E4A /* UIColor+HS_HexStrings.m */,
			);
			path = Helpers;
			sourceTree = "<group>";
		};
		DCD61A2F1CC16E0D00885E4A /* Private */ = {
			isa = PBXGroup;
			children = (
				DCD61A301CC16E0D00885E4A /* _HSAsyncOperation.h */,
				DCD61A311CC16E0D00885E4A /* _HSAsyncOperation.m */,
				DCD61A321CC16E0D00885E4A /* _HSHTMLImageRenderingOperation.h */,
				DCD61A331CC16E0D00885E4A /* _HSHTMLImageRenderingOperation.m */,
				DCD61A341CC16E0D00885E4A /* _HSRenderingWebView.h */,
				DCD61A351CC16E0D00885E4A /* _HSRenderingWebView.m */,
			);
			path = Private;
			sourceTree = "<group>";
		};
		DCD61A361CC16E0D00885E4A /* Resources */ = {
			isa = PBXGroup;
			children = (
				DCD61A371CC16E0D00885E4A /* default_template.html */,
			);
			path = Resources;
			sourceTree = "<group>";
		};
/* End PBXGroup section */

/* Begin PBXNativeTarget section */
		DCD619F61CC1577300885E4A /* HSHTMLImageRenderer */ = {
			isa = PBXNativeTarget;
			buildConfigurationList = DCD61A0E1CC1577400885E4A /* Build configuration list for PBXNativeTarget "HSHTMLImageRenderer" */;
			buildPhases = (
				DCD619F31CC1577300885E4A /* Sources */,
				DCD619F41CC1577300885E4A /* Frameworks */,
				DCD619F51CC1577300885E4A /* Resources */,
			);
			buildRules = (
			);
			dependencies = (
			);
			name = HSHTMLImageRenderer;
			productName = HSHTMLImageRenderer;
			productReference = DCD619F71CC1577300885E4A /* HSHTMLImageRenderer.app */;
			productType = "com.apple.product-type.application";
		};
/* End PBXNativeTarget section */

/* Begin PBXProject section */
		DCD619EF1CC1577300885E4A /* Project object */ = {
			isa = PBXProject;
			attributes = {
				LastUpgradeCheck = 0730;
				ORGANIZATIONNAME = "Software Barn";
				TargetAttributes = {
					DCD619F61CC1577300885E4A = {
						CreatedOnToolsVersion = 7.3;
					};
				};
			};
			buildConfigurationList = DCD619F21CC1577300885E4A /* Build configuration list for PBXProject "HSHTMLImageRenderer" */;
			compatibilityVersion = "Xcode 3.2";
			developmentRegion = English;
			hasScannedForEncodings = 0;
			knownRegions = (
				en,
				Base,
			);
			mainGroup = DCD619EE1CC1577300885E4A;
			productRefGroup = DCD619F81CC1577300885E4A /* Products */;
			projectDirPath = "";
			projectRoot = "";
			targets = (
				DCD619F61CC1577300885E4A /* HSHTMLImageRenderer */,
			);
		};
/* End PBXProject section */

/* Begin PBXResourcesBuildPhase section */
		DCD619F51CC1577300885E4A /* Resources */ = {
			isa = PBXResourcesBuildPhase;
			buildActionMask = 2147483647;
			files = (
				DCD61A3E1CC16E0D00885E4A /* default_template.html in Resources */,
				DCD61A0A1CC1577400885E4A /* LaunchScreen.storyboard in Resources */,
				DCD61A071CC1577400885E4A /* Assets.xcassets in Resources */,
				DCD61A051CC1577400885E4A /* Main.storyboard in Resources */,
			);
			runOnlyForDeploymentPostprocessing = 0;
		};
/* End PBXResourcesBuildPhase section */

/* Begin PBXSourcesBuildPhase section */
		DCD619F31CC1577300885E4A /* Sources */ = {
			isa = PBXSourcesBuildPhase;
			buildActionMask = 2147483647;
			files = (
				DCD61A3C1CC16E0D00885E4A /* _HSHTMLImageRenderingOperation.m in Sources */,
				DCD61A021CC1577400885E4A /* ViewController.m in Sources */,
				DCD619FF1CC1577400885E4A /* AppDelegate.m in Sources */,
				DCD61A3A1CC16E0D00885E4A /* HSHTMLImageRenderer.m in Sources */,
				DCD619FC1CC1577300885E4A /* main.m in Sources */,
				DCD61A3B1CC16E0D00885E4A /* _HSAsyncOperation.m in Sources */,
				DCD61A391CC16E0D00885E4A /* UIColor+HS_HexStrings.m in Sources */,
				DCD61A381CC16E0D00885E4A /* NSString+HS_HTMLTemplates.m in Sources */,
				DCD61A3D1CC16E0D00885E4A /* _HSRenderingWebView.m in Sources */,
			);
			runOnlyForDeploymentPostprocessing = 0;
		};
/* End PBXSourcesBuildPhase section */

/* Begin PBXVariantGroup section */
		DCD61A031CC1577400885E4A /* Main.storyboard */ = {
			isa = PBXVariantGroup;
			children = (
				DCD61A041CC1577400885E4A /* Base */,
			);
			name = Main.storyboard;
			sourceTree = "<group>";
		};
		DCD61A081CC1577400885E4A /* LaunchScreen.storyboard */ = {
			isa = PBXVariantGroup;
			children = (
				DCD61A091CC1577400885E4A /* Base */,
			);
			name = LaunchScreen.storyboard;
			sourceTree = "<group>";
		};
/* End PBXVariantGroup section */

/* Begin XCBuildConfiguration section */
		DCD61A0C1CC1577400885E4A /* Debug */ = {
			isa = XCBuildConfiguration;
			buildSettings = {
				ALWAYS_SEARCH_USER_PATHS = NO;
				CLANG_ANALYZER_NONNULL = YES;
				CLANG_CXX_LANGUAGE_STANDARD = "gnu++0x";
				CLANG_CXX_LIBRARY = "libc++";
				CLANG_ENABLE_MODULES = YES;
				CLANG_ENABLE_OBJC_ARC = YES;
				CLANG_WARN_BOOL_CONVERSION = YES;
				CLANG_WARN_CONSTANT_CONVERSION = YES;
				CLANG_WARN_DIRECT_OBJC_ISA_USAGE = YES_ERROR;
				CLANG_WARN_EMPTY_BODY = YES;
				CLANG_WARN_ENUM_CONVERSION = YES;
				CLANG_WARN_INT_CONVERSION = YES;
				CLANG_WARN_OBJC_ROOT_CLASS = YES_ERROR;
				CLANG_WARN_UNREACHABLE_CODE = YES;
				CLANG_WARN__DUPLICATE_METHOD_MATCH = YES;
				"CODE_SIGN_IDENTITY[sdk=iphoneos*]" = "iPhone Developer";
				COPY_PHASE_STRIP = NO;
				DEBUG_INFORMATION_FORMAT = dwarf;
				ENABLE_STRICT_OBJC_MSGSEND = YES;
				ENABLE_TESTABILITY = YES;
				GCC_C_LANGUAGE_STANDARD = gnu99;
				GCC_DYNAMIC_NO_PIC = NO;
				GCC_NO_COMMON_BLOCKS = YES;
				GCC_OPTIMIZATION_LEVEL = 0;
				GCC_PREPROCESSOR_DEFINITIONS = (
					"DEBUG=1",
					"$(inherited)",
				);
				GCC_WARN_64_TO_32_BIT_CONVERSION = YES;
				GCC_WARN_ABOUT_RETURN_TYPE = YES_ERROR;
				GCC_WARN_UNDECLARED_SELECTOR = YES;
				GCC_WARN_UNINITIALIZED_AUTOS = YES_AGGRESSIVE;
				GCC_WARN_UNUSED_FUNCTION = YES;
				GCC_WARN_UNUSED_VARIABLE = YES;
				IPHONEOS_DEPLOYMENT_TARGET = 9.3;
				MTL_ENABLE_DEBUG_INFO = YES;
				ONLY_ACTIVE_ARCH = YES;
				SDKROOT = iphoneos;
			};
			name = Debug;
		};
		DCD61A0D1CC1577400885E4A /* Release */ = {
			isa = XCBuildConfiguration;
			buildSettings = {
				ALWAYS_SEARCH_USER_PATHS = NO;
				CLANG_ANALYZER_NONNULL = YES;
				CLANG_CXX_LANGUAGE_STANDARD = "gnu++0x";
				CLANG_CXX_LIBRARY = "libc++";
				CLANG_ENABLE_MODULES = YES;
				CLANG_ENABLE_OBJC_ARC = YES;
				CLANG_WARN_BOOL_CONVERSION = YES;
				CLANG_WARN_CONSTANT_CONVERSION = YES;
				CLANG_WARN_DIRECT_OBJC_ISA_USAGE = YES_ERROR;
				CLANG_WARN_EMPTY_BODY = YES;
				CLANG_WARN_ENUM_CONVERSION = YES;
				CLANG_WARN_INT_CONVERSION = YES;
				CLANG_WARN_OBJC_ROOT_CLASS = YES_ERROR;
				CLANG_WARN_UNREACHABLE_CODE = YES;
				CLANG_WARN__DUPLICATE_METHOD_MATCH = YES;
				"CODE_SIGN_IDENTITY[sdk=iphoneos*]" = "iPhone Developer";
				COPY_PHASE_STRIP = NO;
				DEBUG_INFORMATION_FORMAT = "dwarf-with-dsym";
				ENABLE_NS_ASSERTIONS = NO;
				ENABLE_STRICT_OBJC_MSGSEND = YES;
				GCC_C_LANGUAGE_STANDARD = gnu99;
				GCC_NO_COMMON_BLOCKS = YES;
				GCC_WARN_64_TO_32_BIT_CONVERSION = YES;
				GCC_WARN_ABOUT_RETURN_TYPE = YES_ERROR;
				GCC_WARN_UNDECLARED_SELECTOR = YES;
				GCC_WARN_UNINITIALIZED_AUTOS = YES_AGGRESSIVE;
				GCC_WARN_UNUSED_FUNCTION = YES;
				GCC_WARN_UNUSED_VARIABLE = YES;
				IPHONEOS_DEPLOYMENT_TARGET = 9.3;
				MTL_ENABLE_DEBUG_INFO = NO;
				SDKROOT = iphoneos;
				VALIDATE_PRODUCT = YES;
			};
			name = Release;
		};
		DCD61A0F1CC1577400885E4A /* Debug */ = {
			isa = XCBuildConfiguration;
			buildSettings = {
				ASSETCATALOG_COMPILER_APPICON_NAME = AppIcon;
				INFOPLIST_FILE = HSHTMLImageRenderer/Info.plist;
				LD_RUNPATH_SEARCH_PATHS = "$(inherited) @executable_path/Frameworks";
				PRODUCT_BUNDLE_IDENTIFIER = com.softwarebarn.HSHTMLImageRenderer;
				PRODUCT_NAME = "$(TARGET_NAME)";
			};
			name = Debug;
		};
		DCD61A101CC1577400885E4A /* Release */ = {
			isa = XCBuildConfiguration;
			buildSettings = {
				ASSETCATALOG_COMPILER_APPICON_NAME = AppIcon;
				INFOPLIST_FILE = HSHTMLImageRenderer/Info.plist;
				LD_RUNPATH_SEARCH_PATHS = "$(inherited) @executable_path/Frameworks";
				PRODUCT_BUNDLE_IDENTIFIER = com.softwarebarn.HSHTMLImageRenderer;
				PRODUCT_NAME = "$(TARGET_NAME)";
			};
			name = Release;
		};
/* End XCBuildConfiguration section */

/* Begin XCConfigurationList section */
		DCD619F21CC1577300885E4A /* Build configuration list for PBXProject "HSHTMLImageRenderer" */ = {
			isa = XCConfigurationList;
			buildConfigurations = (
				DCD61A0C1CC1577400885E4A /* Debug */,
				DCD61A0D1CC1577400885E4A /* Release */,
			);
			defaultConfigurationIsVisible = 0;
			defaultConfigurationName = Release;
		};
		DCD61A0E1CC1577400885E4A /* Build configuration list for PBXNativeTarget "HSHTMLImageRenderer" */ = {
			isa = XCConfigurationList;
			buildConfigurations = (
				DCD61A0F1CC1577400885E4A /* Debug */,
				DCD61A101CC1577400885E4A /* Release */,
			);
			defaultConfigurationIsVisible = 0;
		};
/* End XCConfigurationList section */
	};
	rootObject = DCD619EF1CC1577300885E4A /* Project object */;
}
